
Microsoft Visual Studio Solution File, Format Version 12.00
# Visual Studio Version 17
VisualStudioVersion = 17.8.0.0
MinimumVisualStudioVersion = 17.8.0.0
Project("{9A19103F-16F7-4668-BE54-9A1E7A4F7556}") = "EhrLite.AppHost", "EhrLite.AppHost\EhrLite.AppHost.csproj", "{A2150C52-1735-46A1-A04D-2C9C8B609990}"
EndProject
Project("{9A19103F-16F7-4668-BE54-9A1E7A4F7556}") = "EhrLite.ServiceDefaults", "EhrLite.ServiceDefaults\EhrLite.ServiceDefaults.csproj", "{ABF4A0CE-2A11-46FC-8E7B-4ABF831C48F6}"
EndProject
Project("{2150E333-8FDC-42A3-9474-1A3956D46DE8}") = "src", "src", "{827E0CD3-B72D-47B6-A68D-7590B98EB39B}"
EndProject
Project("{FAE04EC0-301F-11D3-BF4B-00C04F79EFBC}") = "EhrLite.Identity.Api", "src\EhrLite.Identity.Api\EhrLite.Identity.Api.csproj", "{134E78F6-0CCE-49A1-A34E-A06A1BF2E703}"
EndProject
Project("{FAE04EC0-301F-11D3-BF4B-00C04F79EFBC}") = "EhrLite.PatientRegistry.Api", "src\EhrLite.PatientRegistry.Api\EhrLite.PatientRegistry.Api.csproj", "{934230A7-5995-4EFC-8638-26073D95AB93}"
EndProject
Project("{FAE04EC0-301F-11D3-BF4B-00C04F79EFBC}") = "EhrLite.Encounters.Api", "src\EhrLite.Encounters.Api\EhrLite.Encounters.Api.csproj", "{2EF2DD4B-6323-40B3-B510-E25A47A2BD3F}"
EndProject
Project("{FAE04EC0-301F-11D3-BF4B-00C04F79EFBC}") = "EhrLite.ClinicalDocs.Api", "src\EhrLite.ClinicalDocs.Api\EhrLite.ClinicalDocs.Api.csproj", "{4D0C339E-69AF-45A3-817E-C1350C370D5F}"
EndProject
Project("{FAE04EC0-301F-11D3-BF4B-00C04F79EFBC}") = "EhrLite.Medications.Api", "src\EhrLite.Medications.Api\EhrLite.Medications.Api.csproj", "{49BB2AAA-CF51-4DC2-B0D6-573EAB617B9F}"
EndProject
Project("{FAE04EC0-301F-11D3-BF4B-00C04F79EFBC}") = "EhrLite.LabsDocs.Api", "src\EhrLite.LabsDocs.Api\EhrLite.LabsDocs.Api.csproj", "{0C3E57E9-CBA1-4903-880B-44C01487BF31}"
EndProject
Project("{FAE04EC0-301F-11D3-BF4B-00C04F79EFBC}") = "EhrLite.Audit.Api", "src\EhrLite.Audit.Api\EhrLite.Audit.Api.csproj", "{2E175286-A7C5-48C4-AEDE-DBCCB3EA8EEB}"
EndProject
Project("{FAE04EC0-301F-11D3-BF4B-00C04F79EFBC}") = "EhrLite.TimelineBff.Api", "src\EhrLite.TimelineBff.Api\EhrLite.TimelineBff.Api.csproj", "{69957B14-5EA4-4532-A1A7-58FEE210D617}"
EndProject
Global
	GlobalSection(SolutionConfigurationPlatforms) = preSolution
		Debug|Any CPU = Debug|Any CPU
		Debug|x64 = Debug|x64
		Debug|x86 = Debug|x86
		Release|Any CPU = Release|Any CPU
		Release|x64 = Release|x64
		Release|x86 = Release|x86
	EndGlobalSection
	GlobalSection(ProjectConfigurationPlatforms) = postSolution
		{A2150C52-1735-46A1-A04D-2C9C8B609990}.Debug|Any CPU.ActiveCfg = Debug|Any CPU
		{A2150C52-1735-46A1-A04D-2C9C8B609990}.Debug|Any CPU.Build.0 = Debug|Any CPU
		{A2150C52-1735-46A1-A04D-2C9C8B609990}.Debug|x64.ActiveCfg = Debug|Any CPU
		{A2150C52-1735-46A1-A04D-2C9C8B609990}.Debug|x64.Build.0 = Debug|Any CPU
		{A2150C52-1735-46A1-A04D-2C9C8B609990}.Debug|x86.ActiveCfg = Debug|Any CPU
		{A2150C52-1735-46A1-A04D-2C9C8B609990}.Debug|x86.Build.0 = Debug|Any CPU
		{A2150C52-1735-46A1-A04D-2C9C8B609990}.Release|Any CPU.ActiveCfg = Release|Any CPU
		{A2150C52-1735-46A1-A04D-2C9C8B609990}.Release|Any CPU.Build.0 = Release|Any CPU
		{A2150C52-1735-46A1-A04D-2C9C8B609990}.Release|x64.ActiveCfg = Release|Any CPU
		{A2150C52-1735-46A1-A04D-2C9C8B609990}.Release|x64.Build.0 = Release|Any CPU
		{A2150C52-1735-46A1-A04D-2C9C8B609990}.Release|x86.ActiveCfg = Release|Any CPU
		{A2150C52-1735-46A1-A04D-2C9C8B609990}.Release|x86.Build.0 = Release|Any CPU
		{ABF4A0CE-2A11-46FC-8E7B-4ABF831C48F6}.Debug|Any CPU.ActiveCfg = Debug|Any CPU
		{ABF4A0CE-2A11-46FC-8E7B-4ABF831C48F6}.Debug|Any CPU.Build.0 = Debug|Any CPU
		{ABF4A0CE-2A11-46FC-8E7B-4ABF831C48F6}.Debug|x64.ActiveCfg = Debug|Any CPU
		{ABF4A0CE-2A11-46FC-8E7B-4ABF831C48F6}.Debug|x64.Build.0 = Debug|Any CPU
		{ABF4A0CE-2A11-46FC-8E7B-4ABF831C48F6}.Debug|x86.ActiveCfg = Debug|Any CPU
		{ABF4A0CE-2A11-46FC-8E7B-4ABF831C48F6}.Debug|x86.Build.0 = Debug|Any CPU
		{ABF4A0CE-2A11-46FC-8E7B-4ABF831C48F6}.Release|Any CPU.ActiveCfg = Release|Any CPU
		{ABF4A0CE-2A11-46FC-8E7B-4ABF831C48F6}.Release|Any CPU.Build.0 = Release|Any CPU
		{ABF4A0CE-2A11-46FC-8E7B-4ABF831C48F6}.Release|x64.ActiveCfg = Release|Any CPU
		{ABF4A0CE-2A11-46FC-8E7B-4ABF831C48F6}.Release|x64.Build.0 = Release|Any CPU
		{ABF4A0CE-2A11-46FC-8E7B-4ABF831C48F6}.Release|x86.ActiveCfg = Release|Any CPU
		{ABF4A0CE-2A11-46FC-8E7B-4ABF831C48F6}.Release|x86.Build.0 = Release|Any CPU
		{134E78F6-0CCE-49A1-A34E-A06A1BF2E703}.Debug|Any CPU.ActiveCfg = Debug|Any CPU
		{134E78F6-0CCE-49A1-A34E-A06A1BF2E703}.Debug|Any CPU.Build.0 = Debug|Any CPU
		{134E78F6-0CCE-49A1-A34E-A06A1BF2E703}.Debug|x64.ActiveCfg = Debug|Any CPU
		{134E78F6-0CCE-49A1-A34E-A06A1BF2E703}.Debug|x64.Build.0 = Debug|Any CPU
		{134E78F6-0CCE-49A1-A34E-A06A1BF2E703}.Debug|x86.ActiveCfg = Debug|Any CPU
		{134E78F6-0CCE-49A1-A34E-A06A1BF2E703}.Debug|x86.Build.0 = Debug|Any CPU
		{134E78F6-0CCE-49A1-A34E-A06A1BF2E703}.Release|Any CPU.ActiveCfg = Release|Any CPU
		{134E78F6-0CCE-49A1-A34E-A06A1BF2E703}.Release|Any CPU.Build.0 = Release|Any CPU
		{134E78F6-0CCE-49A1-A34E-A06A1BF2E703}.Release|x64.ActiveCfg = Release|Any CPU
		{134E78F6-0CCE-49A1-A34E-A06A1BF2E703}.Release|x64.Build.0 = Release|Any CPU
		{134E78F6-0CCE-49A1-A34E-A06A1BF2E703}.Release|x86.ActiveCfg = Release|Any CPU
		{134E78F6-0CCE-49A1-A34E-A06A1BF2E703}.Release|x86.Build.0 = Release|Any CPU
		{934230A7-5995-4EFC-8638-26073D95AB93}.Debug|Any CPU.ActiveCfg = Debug|Any CPU
		{934230A7-5995-4EFC-8638-26073D95AB93}.Debug|Any CPU.Build.0 = Debug|Any CPU
		{934230A7-5995-4EFC-8638-26073D95AB93}.Debug|x64.ActiveCfg = Debug|Any CPU
		{934230A7-5995-4EFC-8638-26073D95AB93}.Debug|x64.Build.0 = Debug|Any CPU
		{934230A7-5995-4EFC-8638-26073D95AB93}.Debug|x86.ActiveCfg = Debug|Any CPU
		{934230A7-5995-4EFC-8638-26073D95AB93}.Debug|x86.Build.0 = Debug|Any CPU
		{934230A7-5995-4EFC-8638-26073D95AB93}.Release|Any CPU.ActiveCfg = Release|Any CPU
		{934230A7-5995-4EFC-8638-26073D95AB93}.Release|Any CPU.Build.0 = Release|Any CPU
		{934230A7-5995-4EFC-8638-26073D95AB93}.Release|x64.ActiveCfg = Release|Any CPU
		{934230A7-5995-4EFC-8638-26073D95AB93}.Release|x64.Build.0 = Release|Any CPU
		{934230A7-5995-4EFC-8638-26073D95AB93}.Release|x86.ActiveCfg = Release|Any CPU
		{934230A7-5995-4EFC-8638-26073D95AB93}.Release|x86.Build.0 = Release|Any CPU
		{2EF2DD4B-6323-40B3-B510-E25A47A2BD3F}.Debug|Any CPU.ActiveCfg = Debug|Any CPU
		{2EF2DD4B-6323-40B3-B510-E25A47A2BD3F}.Debug|Any CPU.Build.0 = Debug|Any CPU
		{2EF2DD4B-6323-40B3-B510-E25A47A2BD3F}.Debug|x64.ActiveCfg = Debug|Any CPU
		{2EF2DD4B-6323-40B3-B510-E25A47A2BD3F}.Debug|x64.Build.0 = Debug|Any CPU
		{2EF2DD4B-6323-40B3-B510-E25A47A2BD3F}.Debug|x86.ActiveCfg = Debug|Any CPU
		{2EF2DD4B-6323-40B3-B510-E25A47A2BD3F}.Debug|x86.Build.0 = Debug|Any CPU
		{2EF2DD4B-6323-40B3-B510-E25A47A2BD3F}.Release|Any CPU.ActiveCfg = Release|Any CPU
		{2EF2DD4B-6323-40B3-B510-E25A47A2BD3F}.Release|Any CPU.Build.0 = Release|Any CPU
		{2EF2DD4B-6323-40B3-B510-E25A47A2BD3F}.Release|x64.ActiveCfg = Release|Any CPU
		{2EF2DD4B-6323-40B3-B510-E25A47A2BD3F}.Release|x64.Build.0 = Release|Any CPU
		{2EF2DD4B-6323-40B3-B510-E25A47A2BD3F}.Release|x86.ActiveCfg = Release|Any CPU
		{2EF2DD4B-6323-40B3-B510-E25A47A2BD3F}.Release|x86.Build.0 = Release|Any CPU
		{4D0C339E-69AF-45A3-817E-C1350C370D5F}.Debug|Any CPU.ActiveCfg = Debug|Any CPU
		{4D0C339E-69AF-45A3-817E-C1350C370D5F}.Debug|Any CPU.Build.0 = Debug|Any CPU
		{4D0C339E-69AF-45A3-817E-C1350C370D5F}.Debug|x64.ActiveCfg = Debug|Any CPU
		{4D0C339E-69AF-45A3-817E-C1350C370D5F}.Debug|x64.Build.0 = Debug|Any CPU
		{4D0C339E-69AF-45A3-817E-C1350C370D5F}.Debug|x86.ActiveCfg = Debug|Any CPU
		{4D0C339E-69AF-45A3-817E-C1350C370D5F}.Debug|x86.Build.0 = Debug|Any CPU
		{4D0C339E-69AF-45A3-817E-C1350C370D5F}.Release|Any CPU.ActiveCfg = Release|Any CPU
		{4D0C339E-69AF-45A3-817E-C1350C370D5F}.Release|Any CPU.Build.0 = Release|Any CPU
		{4D0C339E-69AF-45A3-817E-C1350C370D5F}.Release|x64.ActiveCfg = Release|Any CPU
		{4D0C339E-69AF-45A3-817E-C1350C370D5F}.Release|x64.Build.0 = Release|Any CPU
		{4D0C339E-69AF-45A3-817E-C1350C370D5F}.Release|x86.ActiveCfg = Release|Any CPU
		{4D0C339E-69AF-45A3-817E-C1350C370D5F}.Release|x86.Build.0 = Release|Any CPU
		{49BB2AAA-CF51-4DC2-B0D6-573EAB617B9F}.Debug|Any CPU.ActiveCfg = Debug|Any CPU
		{49BB2AAA-CF51-4DC2-B0D6-573EAB617B9F}.Debug|Any CPU.Build.0 = Debug|Any CPU
		{49BB2AAA-CF51-4DC2-B0D6-573EAB617B9F}.Debug|x64.ActiveCfg = Debug|Any CPU
		{49BB2AAA-CF51-4DC2-B0D6-573EAB617B9F}.Debug|x64.Build.0 = Debug|Any CPU
		{49BB2AAA-CF51-4DC2-B0D6-573EAB617B9F}.Debug|x86.ActiveCfg = Debug|Any CPU
		{49BB2AAA-CF51-4DC2-B0D6-573EAB617B9F}.Debug|x86.Build.0 = Debug|Any CPU
		{49BB2AAA-CF51-4DC2-B0D6-573EAB617B9F}.Release|Any CPU.ActiveCfg = Release|Any CPU
		{49BB2AAA-CF51-4DC2-B0D6-573EAB617B9F}.Release|Any CPU.Build.0 = Release|Any CPU
		{49BB2AAA-CF51-4DC2-B0D6-573EAB617B9F}.Release|x64.ActiveCfg = Release|Any CPU
		{49BB2AAA-CF51-4DC2-B0D6-573EAB617B9F}.Release|x64.Build.0 = Release|Any CPU
		{49BB2AAA-CF51-4DC2-B0D6-573EAB617B9F}.Release|x86.ActiveCfg = Release|Any CPU
		{49BB2AAA-CF51-4DC2-B0D6-573EAB617B9F}.Release|x86.Build.0 = Release|Any CPU
		{0C3E57E9-CBA1-4903-880B-44C01487BF31}.Debug|Any CPU.ActiveCfg = Debug|Any CPU
		{0C3E57E9-CBA1-4903-880B-44C01487BF31}.Debug|Any CPU.Build.0 = Debug|Any CPU
		{0C3E57E9-CBA1-4903-880B-44C01487BF31}.Debug|x64.ActiveCfg = Debug|Any CPU
		{0C3E57E9-CBA1-4903-880B-44C01487BF31}.Debug|x64.Build.0 = Debug|Any CPU
		{0C3E57E9-CBA1-4903-880B-44C01487BF31}.Debug|x86.ActiveCfg = Debug|Any CPU
		{0C3E57E9-CBA1-4903-880B-44C01487BF31}.Debug|x86.Build.0 = Debug|Any CPU
		{0C3E57E9-CBA1-4903-880B-44C01487BF31}.Release|Any CPU.ActiveCfg = Release|Any CPU
		{0C3E57E9-CBA1-4903-880B-44C01487BF31}.Release|Any CPU.Build.0 = Release|Any CPU
		{0C3E57E9-CBA1-4903-880B-44C01487BF31}.Release|x64.ActiveCfg = Release|Any CPU
		{0C3E57E9-CBA1-4903-880B-44C01487BF31}.Release|x64.Build.0 = Release|Any CPU
		{0C3E57E9-CBA1-4903-880B-44C01487BF31}.Release|x86.ActiveCfg = Release|Any CPU
		{0C3E57E9-CBA1-4903-880B-44C01487BF31}.Release|x86.Build.0 = Release|Any CPU
		{2E175286-A7C5-48C4-AEDE-DBCCB3EA8EEB}.Debug|Any CPU.ActiveCfg = Debug|Any CPU
		{2E175286-A7C5-48C4-AEDE-DBCCB3EA8EEB}.Debug|Any CPU.Build.0 = Debug|Any CPU
		{2E175286-A7C5-48C4-AEDE-DBCCB3EA8EEB}.Debug|x64.ActiveCfg = Debug|Any CPU
		{2E175286-A7C5-48C4-AEDE-DBCCB3EA8EEB}.Debug|x64.Build.0 = Debug|Any CPU
		{2E175286-A7C5-48C4-AEDE-DBCCB3EA8EEB}.Debug|x86.ActiveCfg = Debug|Any CPU
		{2E175286-A7C5-48C4-AEDE-DBCCB3EA8EEB}.Debug|x86.Build.0 = Debug|Any CPU
		{2E175286-A7C5-48C4-AEDE-DBCCB3EA8EEB}.Release|Any CPU.ActiveCfg = Release|Any CPU
		{2E175286-A7C5-48C4-AEDE-DBCCB3EA8EEB}.Release|Any CPU.Build.0 = Release|Any CPU
		{2E175286-A7C5-48C4-AEDE-DBCCB3EA8EEB}.Release|x64.ActiveCfg = Release|Any CPU
		{2E175286-A7C5-48C4-AEDE-DBCCB3EA8EEB}.Release|x64.Build.0 = Release|Any CPU
		{2E175286-A7C5-48C4-AEDE-DBCCB3EA8EEB}.Release|x86.ActiveCfg = Release|Any CPU
		{2E175286-A7C5-48C4-AEDE-DBCCB3EA8EEB}.Release|x86.Build.0 = Release|Any CPU
		{69957B14-5EA4-4532-A1A7-58FEE210D617}.Debug|Any CPU.ActiveCfg = Debug|Any CPU
		{69957B14-5EA4-4532-A1A7-58FEE210D617}.Debug|Any CPU.Build.0 = Debug|Any CPU
		{69957B14-5EA4-4532-A1A7-58FEE210D617}.Debug|x64.ActiveCfg = Debug|Any CPU
		{69957B14-5EA4-4532-A1A7-58FEE210D617}.Debug|x64.Build.0 = Debug|Any CPU
		{69957B14-5EA4-4532-A1A7-58FEE210D617}.Debug|x86.ActiveCfg = Debug|Any CPU
		{69957B14-5EA4-4532-A1A7-58FEE210D617}.Debug|x86.Build.0 = Debug|Any CPU
		{69957B14-5EA4-4532-A1A7-58FEE210D617}.Release|Any CPU.ActiveCfg = Release|Any CPU
		{69957B14-5EA4-4532-A1A7-58FEE210D617}.Release|Any CPU.Build.0 = Release|Any CPU
		{69957B14-5EA4-4532-A1A7-58FEE210D617}.Release|x64.ActiveCfg = Release|Any CPU
		{69957B14-5EA4-4532-A1A7-58FEE210D617}.Release|x64.Build.0 = Release|Any CPU
		{69957B14-5EA4-4532-A1A7-58FEE210D617}.Release|x86.ActiveCfg = Release|Any CPU
		{69957B14-5EA4-4532-A1A7-58FEE210D617}.Release|x86.Build.0 = Release|Any CPU
	EndGlobalSection
	GlobalSection(SolutionProperties) = preSolution
		HideSolutionNode = FALSE
	EndGlobalSection
	GlobalSection(NestedProjects) = preSolution
		{134E78F6-0CCE-49A1-A34E-A06A1BF2E703} = {827E0CD3-B72D-47B6-A68D-7590B98EB39B}
		{934230A7-5995-4EFC-8638-26073D95AB93} = {827E0CD3-B72D-47B6-A68D-7590B98EB39B}
		{2EF2DD4B-6323-40B3-B510-E25A47A2BD3F} = {827E0CD3-B72D-47B6-A68D-7590B98EB39B}
		{4D0C339E-69AF-45A3-817E-C1350C370D5F} = {827E0CD3-B72D-47B6-A68D-7590B98EB39B}
		{49BB2AAA-CF51-4DC2-B0D6-573EAB617B9F} = {827E0CD3-B72D-47B6-A68D-7590B98EB39B}
		{0C3E57E9-CBA1-4903-880B-44C01487BF31} = {827E0CD3-B72D-47B6-A68D-7590B98EB39B}
		{2E175286-A7C5-48C4-AEDE-DBCCB3EA8EEB} = {827E0CD3-B72D-47B6-A68D-7590B98EB39B}
		{69957B14-5EA4-4532-A1A7-58FEE210D617} = {827E0CD3-B72D-47B6-A68D-7590B98EB39B}
	EndGlobalSection
	GlobalSection(ExtensibilityGlobals) = postSolution
		SolutionGuid = {8713977D-7AB2-49E4-BBFA-CFBFAFA84A2C}
	EndGlobalSection
EndGlobal
