Microsoft Visual Studio Solution File, Format Version 12.00
# Visual Studio Version 17
VisualStudioVersion = 17.5.2.0
MinimumVisualStudioVersion = 10.0.40219.1
Project("{FAE04EC0-301F-11D3-BF4B-00C04F79EFBC}") = "EhrLite.TimelineBff.Api", "EhrLite.TimelineBff.Api.csproj", "{A897EE13-EEDC-7462-99CC-9E799A1F221E}"
EndProject
Global
	GlobalSection(SolutionConfigurationPlatforms) = preSolution
		Debug|Any CPU = Debug|Any CPU
		Release|Any CPU = Release|Any CPU
	EndGlobalSection
	GlobalSection(ProjectConfigurationPlatforms) = postSolution
		{A897EE13-EEDC-7462-99CC-9E799A1F221E}.Debug|Any CPU.ActiveCfg = Debug|Any CPU
		{A897EE13-EEDC-7462-99CC-9E799A1F221E}.Debug|Any CPU.Build.0 = Debug|Any CPU
		{A897EE13-EEDC-7462-99CC-9E799A1F221E}.Release|Any CPU.ActiveCfg = Release|Any CPU
		{A897EE13-EEDC-7462-99CC-9E799A1F221E}.Release|Any CPU.Build.0 = Release|Any CPU
	EndGlobalSection
	GlobalSection(SolutionProperties) = preSolution
		HideSolutionNode = FALSE
	EndGlobalSection
	GlobalSection(ExtensibilityGlobals) = postSolution
		SolutionGuid = {820054D1-9701-486C-A0AE-8B46EE53797B}
	EndGlobalSection
EndGlobal
