Microsoft Visual Studio Solution File, Format Version 12.00
# Visual Studio Version 17
VisualStudioVersion = 17.5.2.0
MinimumVisualStudioVersion = 10.0.40219.1
Project("{FAE04EC0-301F-11D3-BF4B-00C04F79EFBC}") = "EhrLite.Medications.Api", "EhrLite.Medications.Api.csproj", "{B3D16AB2-3314-76B1-AD33-858555F01BB5}"
EndProject
Global
	GlobalSection(SolutionConfigurationPlatforms) = preSolution
		Debug|Any CPU = Debug|Any CPU
		Release|Any CPU = Release|Any CPU
	EndGlobalSection
	GlobalSection(ProjectConfigurationPlatforms) = postSolution
		{B3D16AB2-3314-76B1-AD33-858555F01BB5}.Debug|Any CPU.ActiveCfg = Debug|Any CPU
		{B3D16AB2-3314-76B1-AD33-858555F01BB5}.Debug|Any CPU.Build.0 = Debug|Any CPU
		{B3D16AB2-3314-76B1-AD33-858555F01BB5}.Release|Any CPU.ActiveCfg = Release|Any CPU
		{B3D16AB2-3314-76B1-AD33-858555F01BB5}.Release|Any CPU.Build.0 = Release|Any CPU
	EndGlobalSection
	GlobalSection(SolutionProperties) = preSolution
		HideSolutionNode = FALSE
	EndGlobalSection
	GlobalSection(ExtensibilityGlobals) = postSolution
		SolutionGuid = {C9F54F6F-2B69-444C-BCF6-C12AB30CBB5A}
	EndGlobalSection
EndGlobal
